
Microsoft Visual Studio Solution File, Format Version 11.00
# Visual Studio 2010
Project("{FAE04EC0-301F-11D3-BF4B-00C04F79EFBC}") = "Pinboard", "Pinboard\Pinboard.csproj", "{2BB0DDC3-2982-4CEC-9E13-00479E1DE30E}"
EndProject
Project("{FAE04EC0-301F-11D3-BF4B-00C04F79EFBC}") = "Playroom", "Playroom\Playroom.csproj", "{D9A6DF85-1760-45A1-A26F-598989F58A0B}"
EndProject
Project("{FAE04EC0-301F-11D3-BF4B-00C04F79EFBC}") = "Pinata", "Pinata\Pinata.csproj", "{DBF99B02-4C45-4F79-A9F8-6C90446D7D85}"
EndProject
Project("{FAE04EC0-301F-11D3-BF4B-00C04F79EFBC}") = "ToyBox[Windows]", "ToyBox\ToyBox[Windows].csproj", "{ED1275A0-44FC-4019-A742-4A7EB3F00678}"
EndProject
Project("{FAE04EC0-301F-11D3-BF4B-00C04F79EFBC}") = "ToolBelt", "..\..\Toaster\1.5\ToolBelt\ToolBelt.csproj", "{52B1B4C0-34D2-4867-AD1F-0EE565F89DC5}"
EndProject
Project("{2150E333-8FDC-42A3-9474-1A3956D46DE8}") = "Scripts", "Scripts", "{EF23CF01-49BD-4A29-8365-804058AD5D23}"
	ProjectSection(SolutionItems) = preProject
		Scripts\UpdateVersion.csr = Scripts\UpdateVersion.csr
	EndProjectSection
EndProject
Project("{FAE04EC0-301F-11D3-BF4B-00C04F79EFBC}") = "Prism", "Prism\Prism.csproj", "{8CA4A573-F7D6-4889-861F-F15D9D2A1D3C}"
EndProject
Global
	GlobalSection(SolutionConfigurationPlatforms) = preSolution
		Debug|Windows = Debug|Windows
		Release|Windows = Release|Windows
	EndGlobalSection
	GlobalSection(ProjectConfigurationPlatforms) = postSolution
		{2BB0DDC3-2982-4CEC-9E13-00479E1DE30E}.Debug|Windows.ActiveCfg = Debug|Any CPU
		{2BB0DDC3-2982-4CEC-9E13-00479E1DE30E}.Debug|Windows.Build.0 = Debug|Any CPU
		{2BB0DDC3-2982-4CEC-9E13-00479E1DE30E}.Release|Windows.ActiveCfg = Release|Any CPU
		{2BB0DDC3-2982-4CEC-9E13-00479E1DE30E}.Release|Windows.Build.0 = Release|Any CPU
		{D9A6DF85-1760-45A1-A26F-598989F58A0B}.Debug|Windows.ActiveCfg = Debug|Any CPU
		{D9A6DF85-1760-45A1-A26F-598989F58A0B}.Debug|Windows.Build.0 = Debug|Any CPU
		{D9A6DF85-1760-45A1-A26F-598989F58A0B}.Release|Windows.ActiveCfg = Release|Any CPU
		{D9A6DF85-1760-45A1-A26F-598989F58A0B}.Release|Windows.Build.0 = Release|Any CPU
		{DBF99B02-4C45-4F79-A9F8-6C90446D7D85}.Debug|Windows.ActiveCfg = Debug|Any CPU
		{DBF99B02-4C45-4F79-A9F8-6C90446D7D85}.Debug|Windows.Build.0 = Debug|Any CPU
		{DBF99B02-4C45-4F79-A9F8-6C90446D7D85}.Release|Windows.ActiveCfg = Release|Any CPU
		{DBF99B02-4C45-4F79-A9F8-6C90446D7D85}.Release|Windows.Build.0 = Release|Any CPU
		{ED1275A0-44FC-4019-A742-4A7EB3F00678}.Debug|Windows.ActiveCfg = Debug|x86
		{ED1275A0-44FC-4019-A742-4A7EB3F00678}.Debug|Windows.Build.0 = Debug|x86
		{ED1275A0-44FC-4019-A742-4A7EB3F00678}.Release|Windows.ActiveCfg = Release|x86
		{ED1275A0-44FC-4019-A742-4A7EB3F00678}.Release|Windows.Build.0 = Release|x86
		{52B1B4C0-34D2-4867-AD1F-0EE565F89DC5}.Debug|Windows.ActiveCfg = Debug|Any CPU
		{52B1B4C0-34D2-4867-AD1F-0EE565F89DC5}.Debug|Windows.Build.0 = Debug|Any CPU
		{52B1B4C0-34D2-4867-AD1F-0EE565F89DC5}.Release|Windows.ActiveCfg = Release|Any CPU
		{52B1B4C0-34D2-4867-AD1F-0EE565F89DC5}.Release|Windows.Build.0 = Release|Any CPU
		{8CA4A573-F7D6-4889-861F-F15D9D2A1D3C}.Debug|Windows.ActiveCfg = Debug|x86
		{8CA4A573-F7D6-4889-861F-F15D9D2A1D3C}.Debug|Windows.Build.0 = Debug|x86
		{8CA4A573-F7D6-4889-861F-F15D9D2A1D3C}.Release|Windows.ActiveCfg = Release|x86
		{8CA4A573-F7D6-4889-861F-F15D9D2A1D3C}.Release|Windows.Build.0 = Release|x86
	EndGlobalSection
	GlobalSection(SolutionProperties) = preSolution
		HideSolutionNode = FALSE
	EndGlobalSection
EndGlobal
