
Microsoft Visual Studio Solution File, Format Version 11.00
# Visual Studio 2010
Project("{FAE04EC0-301F-11D3-BF4B-00C04F79EFBC}") = "Playroom", "Playroom\Playroom.csproj", "{6DC4FE71-7E81-4BC7-B9DD-DD6A271682CA}"
EndProject
Project("{FAE04EC0-301F-11D3-BF4B-00C04F79EFBC}") = "BuildContent", "BuildContent\BuildContent.csproj", "{95B09EAB-7C4F-409C-B099-328C0DA3AF80}"
EndProject
Project("{2150E333-8FDC-42A3-9474-1A3956D46DE8}") = "Test", "Test", "{6BE02424-B483-44A3-8C1A-9819FC704D0B}"
EndProject
Project("{2150E333-8FDC-42A3-9474-1A3956D46DE8}") = "RawContent", "RawContent", "{FEB7E5A8-73FC-4112-AFBD-D72CD03060B4}"
	ProjectSection(SolutionItems) = preProject
		Test\RawContent\Example.pdf = Test\RawContent\Example.pdf
		Test\RawContent\Example.pinboard = Test\RawContent\Example.pinboard
		Test\RawContent\Example.png = Test\RawContent\Example.png
		Test\RawContent\Example.resx = Test\RawContent\Example.resx
		Test\RawContent\Example.strings = Test\RawContent\Example.strings
		Test\RawContent\Example.svg = Test\RawContent\Example.svg
		Test\RawContent\Example.wav = Test\RawContent\Example.wav
		Test\RawContent\WeeBairn-Regular.ttf = Test\RawContent\WeeBairn-Regular.ttf
		Test\RawContent\TestContent2.content = Test\RawContent\TestContent2.content
		Test\RawContent\TestContent1.content = Test\RawContent\TestContent1.content
		Test\RawContent\F1.txt = Test\RawContent\F1.txt
	EndProjectSection
EndProject
Project("{FAE04EC0-301F-11D3-BF4B-00C04F79EFBC}") = "BuildContentTests", "Test\BuildContentTests\BuildContentTests.csproj", "{82172AA6-70B0-4AE7-B1E8-73DBAC543628}"
EndProject
Project("{2150E333-8FDC-42A3-9474-1A3956D46DE8}") = "Solution Items", "Solution Items", "{E1FA1B02-BCCA-4265-8B68-7246E5F3FEAA}"
	ProjectSection(SolutionItems) = preProject
		Playroom.version = Playroom.version
		Playroom.version.config = Playroom.version.config
	EndProjectSection
EndProject
Project("{FAE04EC0-301F-11D3-BF4B-00C04F79EFBC}") = "Playroom.Compilers", "Compilers\Playroom.Compilers.csproj", "{1D531486-0385-4E9E-AB1B-755CEFF3A445}"
EndProject
Global
	GlobalSection(SolutionConfigurationPlatforms) = preSolution
		Debug|x86 = Debug|x86
		Release|x86 = Release|x86
	EndGlobalSection
	GlobalSection(ProjectConfigurationPlatforms) = postSolution
		{1D531486-0385-4E9E-AB1B-755CEFF3A445}.Debug|x86.ActiveCfg = Debug|Any CPU
		{1D531486-0385-4E9E-AB1B-755CEFF3A445}.Debug|x86.Build.0 = Debug|Any CPU
		{1D531486-0385-4E9E-AB1B-755CEFF3A445}.Release|x86.ActiveCfg = Release|Any CPU
		{1D531486-0385-4E9E-AB1B-755CEFF3A445}.Release|x86.Build.0 = Release|Any CPU
		{6DC4FE71-7E81-4BC7-B9DD-DD6A271682CA}.Debug|x86.ActiveCfg = Debug|x86
		{6DC4FE71-7E81-4BC7-B9DD-DD6A271682CA}.Debug|x86.Build.0 = Debug|x86
		{6DC4FE71-7E81-4BC7-B9DD-DD6A271682CA}.Release|x86.ActiveCfg = Release|x86
		{6DC4FE71-7E81-4BC7-B9DD-DD6A271682CA}.Release|x86.Build.0 = Release|x86
		{82172AA6-70B0-4AE7-B1E8-73DBAC543628}.Debug|x86.ActiveCfg = Debug|Any CPU
		{82172AA6-70B0-4AE7-B1E8-73DBAC543628}.Debug|x86.Build.0 = Debug|Any CPU
		{82172AA6-70B0-4AE7-B1E8-73DBAC543628}.Release|x86.ActiveCfg = Release|Any CPU
		{82172AA6-70B0-4AE7-B1E8-73DBAC543628}.Release|x86.Build.0 = Release|Any CPU
		{95B09EAB-7C4F-409C-B099-328C0DA3AF80}.Debug|x86.ActiveCfg = Debug|x86
		{95B09EAB-7C4F-409C-B099-328C0DA3AF80}.Debug|x86.Build.0 = Debug|x86
		{95B09EAB-7C4F-409C-B099-328C0DA3AF80}.Release|x86.ActiveCfg = Release|x86
		{95B09EAB-7C4F-409C-B099-328C0DA3AF80}.Release|x86.Build.0 = Release|x86
	EndGlobalSection
	GlobalSection(NestedProjects) = preSolution
		{FEB7E5A8-73FC-4112-AFBD-D72CD03060B4} = {6BE02424-B483-44A3-8C1A-9819FC704D0B}
		{82172AA6-70B0-4AE7-B1E8-73DBAC543628} = {6BE02424-B483-44A3-8C1A-9819FC704D0B}
	EndGlobalSection
	GlobalSection(MonoDevelopProperties) = preSolution
		StartupItem = BuildContent\BuildContent.csproj
		Policies = $0
		$0.DotNetNamingPolicy = $1
		$1.DirectoryNamespaceAssociation = None
		$1.ResourceNamePolicy = FileFormatDefault
		$0.TextStylePolicy = $2
		$2.FileWidth = 120
		$2.NoTabsAfterNonTabs = True
		$2.EolMarker = Unix
		$2.inheritsSet = VisualStudio
		$2.inheritsScope = text/plain
		$2.scope = text/plain
		$0.TextStylePolicy = $3
		$3.inheritsSet = null
		$3.scope = text/x-csharp
		$0.CSharpFormattingPolicy = $4
		$4.inheritsSet = Mono
		$4.inheritsScope = text/x-csharp
		$4.scope = text/x-csharp
		$0.TextStylePolicy = $5
		$5.inheritsSet = null
		$5.scope = application/x-sh
		$0.TextStylePolicy = $6
		$6.inheritsSet = null
		$6.scope = application/config+xml
		$0.XmlFormattingPolicy = $7
		$7.inheritsSet = Mono
		$7.inheritsScope = application/xml
		$7.scope = application/config+xml
		$0.TextStylePolicy = $8
		$8.inheritsSet = null
		$8.scope = text/x-c++src
		$0.TextStylePolicy = $9
		$9.inheritsSet = null
		$9.scope = text/x-chdr
		$0.TextStylePolicy = $10
		$10.inheritsSet = null
		$10.scope = text/microsoft-resx
		$0.XmlFormattingPolicy = $11
		$11.inheritsSet = Mono
		$11.inheritsScope = application/xml
		$11.scope = text/microsoft-resx
		$0.TextStylePolicy = $12
		$12.FileWidth = 120
		$12.TabWidth = 2
		$12.IndentWidth = 2
		$12.NoTabsAfterNonTabs = True
		$12.EolMarker = Unix
		$12.inheritsSet = VisualStudio
		$12.inheritsScope = text/plain
		$12.scope = application/xml
		$0.XmlFormattingPolicy = $13
		$13.inheritsSet = Mono
		$13.inheritsScope = application/xml
		$13.scope = application/xml
		$0.VersionControlPolicy = $14
		$14.inheritsSet = Mono
		$0.NameConventionPolicy = $15
		$15.Rules = $16
		$16.NamingRule = $17
		$17.Name = Namespaces
		$17.AffectedEntity = Namespace
		$17.VisibilityMask = VisibilityMask
		$17.NamingStyle = PascalCase
		$17.IncludeInstanceMembers = True
		$17.IncludeStaticEntities = True
		$16.NamingRule = $18
		$18.Name = Types
		$18.AffectedEntity = Class, Struct, Enum, Delegate
		$18.VisibilityMask = VisibilityMask
		$18.NamingStyle = PascalCase
		$18.IncludeInstanceMembers = True
		$18.IncludeStaticEntities = True
		$16.NamingRule = $19
		$19.Name = Interfaces
		$19.RequiredPrefixes = $20
		$20.String = I
		$19.AffectedEntity = Interface
		$19.VisibilityMask = VisibilityMask
		$19.NamingStyle = PascalCase
		$19.IncludeInstanceMembers = True
		$19.IncludeStaticEntities = True
		$16.NamingRule = $21
		$21.Name = Attributes
		$21.RequiredSuffixes = $22
		$22.String = Attribute
		$21.AffectedEntity = CustomAttributes
		$21.VisibilityMask = VisibilityMask
		$21.NamingStyle = PascalCase
		$21.IncludeInstanceMembers = True
		$21.IncludeStaticEntities = True
		$16.NamingRule = $23
		$23.Name = Event Arguments
		$23.RequiredSuffixes = $24
		$24.String = EventArgs
		$23.AffectedEntity = CustomEventArgs
		$23.VisibilityMask = VisibilityMask
		$23.NamingStyle = PascalCase
		$23.IncludeInstanceMembers = True
		$23.IncludeStaticEntities = True
		$16.NamingRule = $25
		$25.Name = Exceptions
		$25.RequiredSuffixes = $26
		$26.String = Exception
		$25.AffectedEntity = CustomExceptions
		$25.VisibilityMask = VisibilityMask
		$25.NamingStyle = PascalCase
		$25.IncludeInstanceMembers = True
		$25.IncludeStaticEntities = True
		$16.NamingRule = $27
		$27.Name = Methods
		$27.AffectedEntity = Methods
		$27.VisibilityMask = VisibilityMask
		$27.NamingStyle = PascalCase
		$27.IncludeInstanceMembers = True
		$27.IncludeStaticEntities = True
		$16.NamingRule = $28
		$28.Name = Static Readonly Fields
		$28.AffectedEntity = ReadonlyField
		$28.VisibilityMask = Internal, Protected, Public
		$28.NamingStyle = PascalCase
		$28.IncludeInstanceMembers = False
		$28.IncludeStaticEntities = True
		$16.NamingRule = $29
		$29.Name = Fields (Non Private)
		$29.AffectedEntity = Field
		$29.VisibilityMask = Internal, Protected, Public
		$29.NamingStyle = PascalCase
		$29.IncludeInstanceMembers = True
		$29.IncludeStaticEntities = True
		$16.NamingRule = $30
		$30.Name = ReadOnly Fields (Non Private)
		$30.AffectedEntity = ReadonlyField
		$30.VisibilityMask = Internal, Protected, Public
		$30.NamingStyle = PascalCase
		$30.IncludeInstanceMembers = True
		$30.IncludeStaticEntities = False
		$16.NamingRule = $31
		$31.Name = Fields (Private)
		$31.AllowedPrefixes = $32
		$32.String = _
		$32.String = m_
		$31.AffectedEntity = Field, ReadonlyField
		$31.VisibilityMask = Private
		$31.NamingStyle = CamelCase
		$31.IncludeInstanceMembers = True
		$31.IncludeStaticEntities = False
		$16.NamingRule = $33
		$33.Name = Static Fields (Private)
		$33.AffectedEntity = Field
		$33.VisibilityMask = Private
		$33.NamingStyle = CamelCase
		$33.IncludeInstanceMembers = False
		$33.IncludeStaticEntities = True
		$16.NamingRule = $34
		$34.Name = ReadOnly Fields (Private)
		$34.AllowedPrefixes = $35
		$35.String = _
		$35.String = m_
		$34.AffectedEntity = ReadonlyField
		$34.VisibilityMask = Private
		$34.NamingStyle = CamelCase
		$34.IncludeInstanceMembers = True
		$34.IncludeStaticEntities = False
		$16.NamingRule = $36
		$36.Name = Constant Fields
		$36.AffectedEntity = ConstantField
		$36.VisibilityMask = VisibilityMask
		$36.NamingStyle = PascalCase
		$36.IncludeInstanceMembers = True
		$36.IncludeStaticEntities = True
		$16.NamingRule = $37
		$37.Name = Properties
		$37.AffectedEntity = Property
		$37.VisibilityMask = VisibilityMask
		$37.NamingStyle = PascalCase
		$37.IncludeInstanceMembers = True
		$37.IncludeStaticEntities = True
		$16.NamingRule = $38
		$38.Name = Events
		$38.AffectedEntity = Event
		$38.VisibilityMask = VisibilityMask
		$38.NamingStyle = PascalCase
		$38.IncludeInstanceMembers = True
		$38.IncludeStaticEntities = True
		$16.NamingRule = $39
		$39.Name = Enum Members
		$39.AffectedEntity = EnumMember
		$39.VisibilityMask = VisibilityMask
		$39.NamingStyle = PascalCase
		$39.IncludeInstanceMembers = True
		$39.IncludeStaticEntities = True
		$16.NamingRule = $40
		$40.Name = Parameters
		$40.AffectedEntity = Parameter
		$40.VisibilityMask = VisibilityMask
		$40.NamingStyle = CamelCase
		$40.IncludeInstanceMembers = True
		$40.IncludeStaticEntities = True
		$16.NamingRule = $41
		$41.Name = Type Parameters
		$41.RequiredPrefixes = $42
		$42.String = T
		$41.AffectedEntity = TypeParameter
		$41.VisibilityMask = VisibilityMask
		$41.NamingStyle = PascalCase
		$41.IncludeInstanceMembers = True
		$41.IncludeStaticEntities = True
		$0.ChangeLogPolicy = $43
		$43.inheritsSet = Mono
	EndGlobalSection
EndGlobal
